// !$*UTF8*$!
{
	archiveVersion = 1;
	classes = {
	};
	objectVersion = 50;
	objects = {

/* Begin PBXBuildFile section */
		ED9AF3372631F2B600B0DE79 /* DrawingApp.swift in Sources */ = {isa = PBXBuildFile; fileRef = ED9AF3362631F2B600B0DE79 /* DrawingApp.swift */; };
		ED9AF3392631F2B600B0DE79 /* ContentView.swift in Sources */ = {isa = PBXBuildFile; fileRef = ED9AF3382631F2B600B0DE79 /* ContentView.swift */; };
		ED9AF33B2631F2B700B0DE79 /* Assets.xcassets in Resources */ = {isa = PBXBuildFile; fileRef = ED9AF33A2631F2B700B0DE79 /* Assets.xcassets */; };
		ED9AF33E2631F2B700B0DE79 /* Preview Assets.xcassets in Resources */ = {isa = PBXBuildFile; fileRef = ED9AF33D2631F2B700B0DE79 /* Preview Assets.xcassets */; };
		ED9AF3492631F2B700B0DE79 /* DrawingTests.swift in Sources */ = {isa = PBXBuildFile; fileRef = ED9AF3482631F2B700B0DE79 /* DrawingTests.swift */; };
		ED9AF3542631F2B700B0DE79 /* DrawingUITests.swift in Sources */ = {isa = PBXBuildFile; fileRef = ED9AF3532631F2B700B0DE79 /* DrawingUITests.swift */; };
		ED9AF365263227EC00B0DE79 /* CameraView.swift in Sources */ = {isa = PBXBuildFile; fileRef = ED9AF364263227EC00B0DE79 /* CameraView.swift */; };
		ED9AF37726328C1400B0DE79 /* Pacifico-Regular.ttf in Resources */ = {isa = PBXBuildFile; fileRef = ED9AF37626328C1400B0DE79 /* Pacifico-Regular.ttf */; };
/* End PBXBuildFile section */

/* Begin PBXContainerItemProxy section */
		ED9AF3452631F2B700B0DE79 /* PBXContainerItemProxy */ = {
			isa = PBXContainerItemProxy;
			containerPortal = ED9AF32B2631F2B600B0DE79 /* Project object */;
			proxyType = 1;
			remoteGlobalIDString = ED9AF3322631F2B600B0DE79;
			remoteInfo = Drawing;
		};
		ED9AF3502631F2B700B0DE79 /* PBXContainerItemProxy */ = {
			isa = PBXContainerItemProxy;
			containerPortal = ED9AF32B2631F2B600B0DE79 /* Project object */;
			proxyType = 1;
			remoteGlobalIDString = ED9AF3322631F2B600B0DE79;
			remoteInfo = Drawing;
		};
/* End PBXContainerItemProxy section */

/* Begin PBXFileReference section */
		ED9AF3332631F2B600B0DE79 /* Drawing.app */ = {isa = PBXFileReference; explicitFileType = wrapper.application; includeInIndex = 0; path = Drawing.app; sourceTree = BUILT_PRODUCTS_DIR; };
		ED9AF3362631F2B600B0DE79 /* DrawingApp.swift */ = {isa = PBXFileReference; lastKnownFileType = sourcecode.swift; path = DrawingApp.swift; sourceTree = "<group>"; };
		ED9AF3382631F2B600B0DE79 /* ContentView.swift */ = {isa = PBXFileReference; lastKnownFileType = sourcecode.swift; path = ContentView.swift; sourceTree = "<group>"; };
		ED9AF33A2631F2B700B0DE79 /* Assets.xcassets */ = {isa = PBXFileReference; lastKnownFileType = folder.assetcatalog; path = Assets.xcassets; sourceTree = "<group>"; };
		ED9AF33D2631F2B700B0DE79 /* Preview Assets.xcassets */ = {isa = PBXFileReference; lastKnownFileType = folder.assetcatalog; path = "Preview Assets.xcassets"; sourceTree = "<group>"; };
		ED9AF33F2631F2B700B0DE79 /* Info.plist */ = {isa = PBXFileReference; lastKnownFileType = text.plist.xml; path = Info.plist; sourceTree = "<group>"; };
		ED9AF3442631F2B700B0DE79 /* DrawingTests.xctest */ = {isa = PBXFileReference; explicitFileType = wrapper.cfbundle; includeInIndex = 0; path = DrawingTests.xctest; sourceTree = BUILT_PRODUCTS_DIR; };
		ED9AF3482631F2B700B0DE79 /* DrawingTests.swift */ = {isa = PBXFileReference; lastKnownFileType = sourcecode.swift; path = DrawingTests.swift; sourceTree = "<group>"; };
		ED9AF34A2631F2B700B0DE79 /* Info.plist */ = {isa = PBXFileReference; lastKnownFileType = text.plist.xml; path = Info.plist; sourceTree = "<group>"; };
		ED9AF34F2631F2B700B0DE79 /* DrawingUITests.xctest */ = {isa = PBXFileReference; explicitFileType = wrapper.cfbundle; includeInIndex = 0; path = DrawingUITests.xctest; sourceTree = BUILT_PRODUCTS_DIR; };
		ED9AF3532631F2B700B0DE79 /* DrawingUITests.swift */ = {isa = PBXFileReference; lastKnownFileType = sourcecode.swift; path = DrawingUITests.swift; sourceTree = "<group>"; };
		ED9AF3552631F2B700B0DE79 /* Info.plist */ = {isa = PBXFileReference; lastKnownFileType = text.plist.xml; path = Info.plist; sourceTree = "<group>"; };
		ED9AF364263227EC00B0DE79 /* CameraView.swift */ = {isa = PBXFileReference; lastKnownFileType = sourcecode.swift; path = CameraView.swift; sourceTree = "<group>"; };
		ED9AF37626328C1400B0DE79 /* Pacifico-Regular.ttf */ = {isa = PBXFileReference; lastKnownFileType = file; path = "Pacifico-Regular.ttf"; sourceTree = "<group>"; };
/* End PBXFileReference section */

/* Begin PBXFrameworksBuildPhase section */
		ED9AF3302631F2B600B0DE79 /* Frameworks */ = {
			isa = PBXFrameworksBuildPhase;
			buildActionMask = 2147483647;
			files = (
			);
			runOnlyForDeploymentPostprocessing = 0;
		};
		ED9AF3412631F2B700B0DE79 /* Frameworks */ = {
			isa = PBXFrameworksBuildPhase;
			buildActionMask = 2147483647;
			files = (
			);
			runOnlyForDeploymentPostprocessing = 0;
		};
		ED9AF34C2631F2B700B0DE79 /* Frameworks */ = {
			isa = PBXFrameworksBuildPhase;
			buildActionMask = 2147483647;
			files = (
			);
			runOnlyForDeploymentPostprocessing = 0;
		};
/* End PBXFrameworksBuildPhase section */

/* Begin PBXGroup section */
		ED9AF32A2631F2B600B0DE79 = {
			isa = PBXGroup;
			children = (
				ED9AF3352631F2B600B0DE79 /* Drawing */,
				ED9AF3472631F2B700B0DE79 /* DrawingTests */,
				ED9AF3522631F2B700B0DE79 /* DrawingUITests */,
				ED9AF3342631F2B600B0DE79 /* Products */,
			);
			sourceTree = "<group>";
		};
		ED9AF3342631F2B600B0DE79 /* Products */ = {
			isa = PBXGroup;
			children = (
				ED9AF3332631F2B600B0DE79 /* Drawing.app */,
				ED9AF3442631F2B700B0DE79 /* DrawingTests.xctest */,
				ED9AF34F2631F2B700B0DE79 /* DrawingUITests.xctest */,
			);
			name = Products;
			sourceTree = "<group>";
		};
		ED9AF3352631F2B600B0DE79 /* Drawing */ = {
			isa = PBXGroup;
			children = (
				ED9AF37526328C0900B0DE79 /* Fonts */,
				ED9AF3362631F2B600B0DE79 /* DrawingApp.swift */,
				ED9AF3382631F2B600B0DE79 /* ContentView.swift */,
				ED9AF364263227EC00B0DE79 /* CameraView.swift */,
				ED9AF33A2631F2B700B0DE79 /* Assets.xcassets */,
				ED9AF33F2631F2B700B0DE79 /* Info.plist */,
				ED9AF33C2631F2B700B0DE79 /* Preview Content */,
			);
			path = Drawing;
			sourceTree = "<group>";
		};
		ED9AF33C2631F2B700B0DE79 /* Preview Content */ = {
			isa = PBXGroup;
			children = (
				ED9AF33D2631F2B700B0DE79 /* Preview Assets.xcassets */,
			);
			path = "Preview Content";
			sourceTree = "<group>";
		};
		ED9AF3472631F2B700B0DE79 /* DrawingTests */ = {
			isa = PBXGroup;
			children = (
				ED9AF3482631F2B700B0DE79 /* DrawingTests.swift */,
				ED9AF34A2631F2B700B0DE79 /* Info.plist */,
			);
			path = DrawingTests;
			sourceTree = "<group>";
		};
		ED9AF3522631F2B700B0DE79 /* DrawingUITests */ = {
			isa = PBXGroup;
			children = (
				ED9AF3532631F2B700B0DE79 /* DrawingUITests.swift */,
				ED9AF3552631F2B700B0DE79 /* Info.plist */,
			);
			path = DrawingUITests;
			sourceTree = "<group>";
		};
		ED9AF37526328C0900B0DE79 /* Fonts */ = {
			isa = PBXGroup;
			children = (
				ED9AF37626328C1400B0DE79 /* Pacifico-Regular.ttf */,
			);
			path = Fonts;
			sourceTree = "<group>";
		};
/* End PBXGroup section */

/* Begin PBXNativeTarget section */
		ED9AF3322631F2B600B0DE79 /* Drawing */ = {
			isa = PBXNativeTarget;
			buildConfigurationList = ED9AF3582631F2B700B0DE79 /* Build configuration list for PBXNativeTarget "Drawing" */;
			buildPhases = (
				ED9AF32F2631F2B600B0DE79 /* Sources */,
				ED9AF3302631F2B600B0DE79 /* Frameworks */,
				ED9AF3312631F2B600B0DE79 /* Resources */,
			);
			buildRules = (
			);
			dependencies = (
			);
			name = Drawing;
			productName = Drawing;
			productReference = ED9AF3332631F2B600B0DE79 /* Drawing.app */;
			productType = "com.apple.product-type.application";
		};
		ED9AF3432631F2B700B0DE79 /* DrawingTests */ = {
			isa = PBXNativeTarget;
			buildConfigurationList = ED9AF35B2631F2B700B0DE79 /* Build configuration list for PBXNativeTarget "DrawingTests" */;
			buildPhases = (
				ED9AF3402631F2B700B0DE79 /* Sources */,
				ED9AF3412631F2B700B0DE79 /* Frameworks */,
				ED9AF3422631F2B700B0DE79 /* Resources */,
			);
			buildRules = (
			);
			dependencies = (
				ED9AF3462631F2B700B0DE79 /* PBXTargetDependency */,
			);
			name = DrawingTests;
			productName = DrawingTests;
			productReference = ED9AF3442631F2B700B0DE79 /* DrawingTests.xctest */;
			productType = "com.apple.product-type.bundle.unit-test";
		};
		ED9AF34E2631F2B700B0DE79 /* DrawingUITests */ = {
			isa = PBXNativeTarget;
			buildConfigurationList = ED9AF35E2631F2B700B0DE79 /* Build configuration list for PBXNativeTarget "DrawingUITests" */;
			buildPhases = (
				ED9AF34B2631F2B700B0DE79 /* Sources */,
				ED9AF34C2631F2B700B0DE79 /* Frameworks */,
				ED9AF34D2631F2B700B0DE79 /* Resources */,
			);
			buildRules = (
			);
			dependencies = (
				ED9AF3512631F2B700B0DE79 /* PBXTargetDependency */,
			);
			name = DrawingUITests;
			productName = DrawingUITests;
			productReference = ED9AF34F2631F2B700B0DE79 /* DrawingUITests.xctest */;
			productType = "com.apple.product-type.bundle.ui-testing";
		};
/* End PBXNativeTarget section */

/* Begin PBXProject section */
		ED9AF32B2631F2B600B0DE79 /* Project object */ = {
			isa = PBXProject;
			attributes = {
				LastSwiftUpdateCheck = 1240;
				LastUpgradeCheck = 1240;
				TargetAttributes = {
					ED9AF3322631F2B600B0DE79 = {
						CreatedOnToolsVersion = 12.4;
					};
					ED9AF3432631F2B700B0DE79 = {
						CreatedOnToolsVersion = 12.4;
						TestTargetID = ED9AF3322631F2B600B0DE79;
					};
					ED9AF34E2631F2B700B0DE79 = {
						CreatedOnToolsVersion = 12.4;
						TestTargetID = ED9AF3322631F2B600B0DE79;
					};
				};
			};
			buildConfigurationList = ED9AF32E2631F2B600B0DE79 /* Build configuration list for PBXProject "Drawing" */;
			compatibilityVersion = "Xcode 9.3";
			developmentRegion = en;
			hasScannedForEncodings = 0;
			knownRegions = (
				en,
				Base,
			);
			mainGroup = ED9AF32A2631F2B600B0DE79;
			productRefGroup = ED9AF3342631F2B600B0DE79 /* Products */;
			projectDirPath = "";
			projectRoot = "";
			targets = (
				ED9AF3322631F2B600B0DE79 /* Drawing */,
				ED9AF3432631F2B700B0DE79 /* DrawingTests */,
				ED9AF34E2631F2B700B0DE79 /* DrawingUITests */,
			);
		};
/* End PBXProject section */

/* Begin PBXResourcesBuildPhase section */
		ED9AF3312631F2B600B0DE79 /* Resources */ = {
			isa = PBXResourcesBuildPhase;
			buildActionMask = 2147483647;
			files = (
				ED9AF37726328C1400B0DE79 /* Pacifico-Regular.ttf in Resources */,
				ED9AF33E2631F2B700B0DE79 /* Preview Assets.xcassets in Resources */,
				ED9AF33B2631F2B700B0DE79 /* Assets.xcassets in Resources */,
			);
			runOnlyForDeploymentPostprocessing = 0;
		};
		ED9AF3422631F2B700B0DE79 /* Resources */ = {
			isa = PBXResourcesBuildPhase;
			buildActionMask = 2147483647;
			files = (
			);
			runOnlyForDeploymentPostprocessing = 0;
		};
		ED9AF34D2631F2B700B0DE79 /* Resources */ = {
			isa = PBXResourcesBuildPhase;
			buildActionMask = 2147483647;
			files = (
			);
			runOnlyForDeploymentPostprocessing = 0;
		};
/* End PBXResourcesBuildPhase section */

/* Begin PBXSourcesBuildPhase section */
		ED9AF32F2631F2B600B0DE79 /* Sources */ = {
			isa = PBXSourcesBuildPhase;
			buildActionMask = 2147483647;
			files = (
				ED9AF365263227EC00B0DE79 /* CameraView.swift in Sources */,
				ED9AF3392631F2B600B0DE79 /* ContentView.swift in Sources */,
				ED9AF3372631F2B600B0DE79 /* DrawingApp.swift in Sources */,
			);
			runOnlyForDeploymentPostprocessing = 0;
		};
		ED9AF3402631F2B700B0DE79 /* Sources */ = {
			isa = PBXSourcesBuildPhase;
			buildActionMask = 2147483647;
			files = (
				ED9AF3492631F2B700B0DE79 /* DrawingTests.swift in Sources */,
			);
			runOnlyForDeploymentPostprocessing = 0;
		};
		ED9AF34B2631F2B700B0DE79 /* Sources */ = {
			isa = PBXSourcesBuildPhase;
			buildActionMask = 2147483647;
			files = (
				ED9AF3542631F2B700B0DE79 /* DrawingUITests.swift in Sources */,
			);
			runOnlyForDeploymentPostprocessing = 0;
		};
/* End PBXSourcesBuildPhase section */

/* Begin PBXTargetDependency section */
		ED9AF3462631F2B700B0DE79 /* PBXTargetDependency */ = {
			isa = PBXTargetDependency;
			target = ED9AF3322631F2B600B0DE79 /* Drawing */;
			targetProxy = ED9AF3452631F2B700B0DE79 /* PBXContainerItemProxy */;
		};
		ED9AF3512631F2B700B0DE79 /* PBXTargetDependency */ = {
			isa = PBXTargetDependency;
			target = ED9AF3322631F2B600B0DE79 /* Drawing */;
			targetProxy = ED9AF3502631F2B700B0DE79 /* PBXContainerItemProxy */;
		};
/* End PBXTargetDependency section */

/* Begin XCBuildConfiguration section */
		ED9AF3562631F2B700B0DE79 /* Debug */ = {
			isa = XCBuildConfiguration;
			buildSettings = {
				ALWAYS_SEARCH_USER_PATHS = NO;
				CLANG_ANALYZER_NONNULL = YES;
				CLANG_ANALYZER_NUMBER_OBJECT_CONVERSION = YES_AGGRESSIVE;
				CLANG_CXX_LANGUAGE_STANDARD = "gnu++14";
				CLANG_CXX_LIBRARY = "libc++";
				CLANG_ENABLE_MODULES = YES;
				CLANG_ENABLE_OBJC_ARC = YES;
				CLANG_ENABLE_OBJC_WEAK = YES;
				CLANG_WARN_BLOCK_CAPTURE_AUTORELEASING = YES;
				CLANG_WARN_BOOL_CONVERSION = YES;
				CLANG_WARN_COMMA = YES;
				CLANG_WARN_CONSTANT_CONVERSION = YES;
				CLANG_WARN_DEPRECATED_OBJC_IMPLEMENTATIONS = YES;
				CLANG_WARN_DIRECT_OBJC_ISA_USAGE = YES_ERROR;
				CLANG_WARN_DOCUMENTATION_COMMENTS = YES;
				CLANG_WARN_EMPTY_BODY = YES;
				CLANG_WARN_ENUM_CONVERSION = YES;
				CLANG_WARN_INFINITE_RECURSION = YES;
				CLANG_WARN_INT_CONVERSION = YES;
				CLANG_WARN_NON_LITERAL_NULL_CONVERSION = YES;
				CLANG_WARN_OBJC_IMPLICIT_RETAIN_SELF = YES;
				CLANG_WARN_OBJC_LITERAL_CONVERSION = YES;
				CLANG_WARN_OBJC_ROOT_CLASS = YES_ERROR;
				CLANG_WARN_QUOTED_INCLUDE_IN_FRAMEWORK_HEADER = YES;
				CLANG_WARN_RANGE_LOOP_ANALYSIS = YES;
				CLANG_WARN_STRICT_PROTOTYPES = YES;
				CLANG_WARN_SUSPICIOUS_MOVE = YES;
				CLANG_WARN_UNGUARDED_AVAILABILITY = YES_AGGRESSIVE;
				CLANG_WARN_UNREACHABLE_CODE = YES;
				CLANG_WARN__DUPLICATE_METHOD_MATCH = YES;
				COPY_PHASE_STRIP = NO;
				DEBUG_INFORMATION_FORMAT = dwarf;
				ENABLE_STRICT_OBJC_MSGSEND = YES;
				ENABLE_TESTABILITY = YES;
				GCC_C_LANGUAGE_STANDARD = gnu11;
				GCC_DYNAMIC_NO_PIC = NO;
				GCC_NO_COMMON_BLOCKS = YES;
				GCC_OPTIMIZATION_LEVEL = 0;
				GCC_PREPROCESSOR_DEFINITIONS = (
					"DEBUG=1",
					"$(inherited)",
				);
				GCC_WARN_64_TO_32_BIT_CONVERSION = YES;
				GCC_WARN_ABOUT_RETURN_TYPE = YES_ERROR;
				GCC_WARN_UNDECLARED_SELECTOR = YES;
				GCC_WARN_UNINITIALIZED_AUTOS = YES_AGGRESSIVE;
				GCC_WARN_UNUSED_FUNCTION = YES;
				GCC_WARN_UNUSED_VARIABLE = YES;
				IPHONEOS_DEPLOYMENT_TARGET = 14.4;
				MTL_ENABLE_DEBUG_INFO = INCLUDE_SOURCE;
				MTL_FAST_MATH = YES;
				ONLY_ACTIVE_ARCH = YES;
				SDKROOT = iphoneos;
				SWIFT_ACTIVE_COMPILATION_CONDITIONS = DEBUG;
				SWIFT_OPTIMIZATION_LEVEL = "-Onone";
			};
			name = Debug;
		};
		ED9AF3572631F2B700B0DE79 /* Release */ = {
			isa = XCBuildConfiguration;
			buildSettings = {
				ALWAYS_SEARCH_USER_PATHS = NO;
				CLANG_ANALYZER_NONNULL = YES;
				CLANG_ANALYZER_NUMBER_OBJECT_CONVERSION = YES_AGGRESSIVE;
				CLANG_CXX_LANGUAGE_STANDARD = "gnu++14";
				CLANG_CXX_LIBRARY = "libc++";
				CLANG_ENABLE_MODULES = YES;
				CLANG_ENABLE_OBJC_ARC = YES;
				CLANG_ENABLE_OBJC_WEAK = YES;
				CLANG_WARN_BLOCK_CAPTURE_AUTORELEASING = YES;
				CLANG_WARN_BOOL_CONVERSION = YES;
				CLANG_WARN_COMMA = YES;
				CLANG_WARN_CONSTANT_CONVERSION = YES;
				CLANG_WARN_DEPRECATED_OBJC_IMPLEMENTATIONS = YES;
				CLANG_WARN_DIRECT_OBJC_ISA_USAGE = YES_ERROR;
				CLANG_WARN_DOCUMENTATION_COMMENTS = YES;
				CLANG_WARN_EMPTY_BODY = YES;
				CLANG_WARN_ENUM_CONVERSION = YES;
				CLANG_WARN_INFINITE_RECURSION = YES;
				CLANG_WARN_INT_CONVERSION = YES;
				CLANG_WARN_NON_LITERAL_NULL_CONVERSION = YES;
				CLANG_WARN_OBJC_IMPLICIT_RETAIN_SELF = YES;
				CLANG_WARN_OBJC_LITERAL_CONVERSION = YES;
				CLANG_WARN_OBJC_ROOT_CLASS = YES_ERROR;
				CLANG_WARN_QUOTED_INCLUDE_IN_FRAMEWORK_HEADER = YES;
				CLANG_WARN_RANGE_LOOP_ANALYSIS = YES;
				CLANG_WARN_STRICT_PROTOTYPES = YES;
				CLANG_WARN_SUSPICIOUS_MOVE = YES;
				CLANG_WARN_UNGUARDED_AVAILABILITY = YES_AGGRESSIVE;
				CLANG_WARN_UNREACHABLE_CODE = YES;
				CLANG_WARN__DUPLICATE_METHOD_MATCH = YES;
				COPY_PHASE_STRIP = NO;
				DEBUG_INFORMATION_FORMAT = "dwarf-with-dsym";
				ENABLE_NS_ASSERTIONS = NO;
				ENABLE_STRICT_OBJC_MSGSEND = YES;
				GCC_C_LANGUAGE_STANDARD = gnu11;
				GCC_NO_COMMON_BLOCKS = YES;
				GCC_WARN_64_TO_32_BIT_CONVERSION = YES;
				GCC_WARN_ABOUT_RETURN_TYPE = YES_ERROR;
				GCC_WARN_UNDECLARED_SELECTOR = YES;
				GCC_WARN_UNINITIALIZED_AUTOS = YES_AGGRESSIVE;
				GCC_WARN_UNUSED_FUNCTION = YES;
				GCC_WARN_UNUSED_VARIABLE = YES;
				IPHONEOS_DEPLOYMENT_TARGET = 14.4;
				MTL_ENABLE_DEBUG_INFO = NO;
				MTL_FAST_MATH = YES;
				SDKROOT = iphoneos;
				SWIFT_COMPILATION_MODE = wholemodule;
				SWIFT_OPTIMIZATION_LEVEL = "-O";
				VALIDATE_PRODUCT = YES;
			};
			name = Release;
		};
		ED9AF3592631F2B700B0DE79 /* Debug */ = {
			isa = XCBuildConfiguration;
			buildSettings = {
				ASSETCATALOG_COMPILER_APPICON_NAME = AppIcon;
				ASSETCATALOG_COMPILER_GLOBAL_ACCENT_COLOR_NAME = AccentColor;
				CODE_SIGN_STYLE = Automatic;
				DEVELOPMENT_ASSET_PATHS = "\"Drawing/Preview Content\"";
				DEVELOPMENT_TEAM = 44BQLZF534;
				ENABLE_PREVIEWS = YES;
				INFOPLIST_FILE = Drawing/Info.plist;
				IPHONEOS_DEPLOYMENT_TARGET = 14.0;
				LD_RUNPATH_SEARCH_PATHS = (
					"$(inherited)",
					"@executable_path/Frameworks",
				);
				PRODUCT_BUNDLE_IDENTIFIER = unfv.Drawing;
				PRODUCT_NAME = "$(TARGET_NAME)";
				SWIFT_VERSION = 5.0;
				TARGETED_DEVICE_FAMILY = 1;
			};
			name = Debug;
		};
		ED9AF35A2631F2B700B0DE79 /* Release */ = {
			isa = XCBuildConfiguration;
			buildSettings = {
				ASSETCATALOG_COMPILER_APPICON_NAME = AppIcon;
				ASSETCATALOG_COMPILER_GLOBAL_ACCENT_COLOR_NAME = AccentColor;
				CODE_SIGN_STYLE = Automatic;
				DEVELOPMENT_ASSET_PATHS = "\"Drawing/Preview Content\"";
				DEVELOPMENT_TEAM = 44BQLZF534;
				ENABLE_PREVIEWS = YES;
				INFOPLIST_FILE = Drawing/Info.plist;
				IPHONEOS_DEPLOYMENT_TARGET = 14.0;
				LD_RUNPATH_SEARCH_PATHS = (
					"$(inherited)",
					"@executable_path/Frameworks",
				);
				PRODUCT_BUNDLE_IDENTIFIER = unfv.Drawing;
				PRODUCT_NAME = "$(TARGET_NAME)";
				SWIFT_VERSION = 5.0;
				TARGETED_DEVICE_FAMILY = 1;
			};
			name = Release;
		};
		ED9AF35C2631F2B700B0DE79 /* Debug */ = {
			isa = XCBuildConfiguration;
			buildSettings = {
				ALWAYS_EMBED_SWIFT_STANDARD_LIBRARIES = YES;
				BUNDLE_LOADER = "$(TEST_HOST)";
				CODE_SIGN_STYLE = Automatic;
				DEVELOPMENT_TEAM = Z9C4ZWSUSE;
				INFOPLIST_FILE = DrawingTests/Info.plist;
				IPHONEOS_DEPLOYMENT_TARGET = 14.0;
				LD_RUNPATH_SEARCH_PATHS = (
					"$(inherited)",
					"@executable_path/Frameworks",
					"@loader_path/Frameworks",
				);
				PRODUCT_BUNDLE_IDENTIFIER = unfv.DrawingTests;
				PRODUCT_NAME = "$(TARGET_NAME)";
				SWIFT_VERSION = 5.0;
				TARGETED_DEVICE_FAMILY = "1,2";
				TEST_HOST = "$(BUILT_PRODUCTS_DIR)/Drawing.app/Drawing";
			};
			name = Debug;
		};
		ED9AF35D2631F2B700B0DE79 /* Release */ = {
			isa = XCBuildConfiguration;
			buildSettings = {
				ALWAYS_EMBED_SWIFT_STANDARD_LIBRARIES = YES;
				BUNDLE_LOADER = "$(TEST_HOST)";
				CODE_SIGN_STYLE = Automatic;
				DEVELOPMENT_TEAM = Z9C4ZWSUSE;
				INFOPLIST_FILE = DrawingTests/Info.plist;
				IPHONEOS_DEPLOYMENT_TARGET = 14.0;
				LD_RUNPATH_SEARCH_PATHS = (
					"$(inherited)",
					"@executable_path/Frameworks",
					"@loader_path/Frameworks",
				);
				PRODUCT_BUNDLE_IDENTIFIER = unfv.DrawingTests;
				PRODUCT_NAME = "$(TARGET_NAME)";
				SWIFT_VERSION = 5.0;
				TARGETED_DEVICE_FAMILY = "1,2";
				TEST_HOST = "$(BUILT_PRODUCTS_DIR)/Drawing.app/Drawing";
			};
			name = Release;
		};
		ED9AF35F2631F2B700B0DE79 /* Debug */ = {
			isa = XCBuildConfiguration;
			buildSettings = {
				ALWAYS_EMBED_SWIFT_STANDARD_LIBRARIES = YES;
				CODE_SIGN_STYLE = Automatic;
				DEVELOPMENT_TEAM = Z9C4ZWSUSE;
				INFOPLIST_FILE = DrawingUITests/Info.plist;
				LD_RUNPATH_SEARCH_PATHS = (
					"$(inherited)",
					"@executable_path/Frameworks",
					"@loader_path/Frameworks",
				);
				PRODUCT_BUNDLE_IDENTIFIER = unfv.DrawingUITests;
				PRODUCT_NAME = "$(TARGET_NAME)";
				SWIFT_VERSION = 5.0;
				TARGETED_DEVICE_FAMILY = "1,2";
				TEST_TARGET_NAME = Drawing;
			};
			name = Debug;
		};
		ED9AF3602631F2B700B0DE79 /* Release */ = {
			isa = XCBuildConfiguration;
			buildSettings = {
				ALWAYS_EMBED_SWIFT_STANDARD_LIBRARIES = YES;
				CODE_SIGN_STYLE = Automatic;
				DEVELOPMENT_TEAM = Z9C4ZWSUSE;
				INFOPLIST_FILE = DrawingUITests/Info.plist;
				LD_RUNPATH_SEARCH_PATHS = (
					"$(inherited)",
					"@executable_path/Frameworks",
					"@loader_path/Frameworks",
				);
				PRODUCT_BUNDLE_IDENTIFIER = unfv.DrawingUITests;
				PRODUCT_NAME = "$(TARGET_NAME)";
				SWIFT_VERSION = 5.0;
				TARGETED_DEVICE_FAMILY = "1,2";
				TEST_TARGET_NAME = Drawing;
			};
			name = Release;
		};
/* End XCBuildConfiguration section */

/* Begin XCConfigurationList section */
		ED9AF32E2631F2B600B0DE79 /* Build configuration list for PBXProject "Drawing" */ = {
			isa = XCConfigurationList;
			buildConfigurations = (
				ED9AF3562631F2B700B0DE79 /* Debug */,
				ED9AF3572631F2B700B0DE79 /* Release */,
			);
			defaultConfigurationIsVisible = 0;
			defaultConfigurationName = Release;
		};
		ED9AF3582631F2B700B0DE79 /* Build configuration list for PBXNativeTarget "Drawing" */ = {
			isa = XCConfigurationList;
			buildConfigurations = (
				ED9AF3592631F2B700B0DE79 /* Debug */,
				ED9AF35A2631F2B700B0DE79 /* Release */,
			);
			defaultConfigurationIsVisible = 0;
			defaultConfigurationName = Release;
		};
		ED9AF35B2631F2B700B0DE79 /* Build configuration list for PBXNativeTarget "DrawingTests" */ = {
			isa = XCConfigurationList;
			buildConfigurations = (
				ED9AF35C2631F2B700B0DE79 /* Debug */,
				ED9AF35D2631F2B700B0DE79 /* Release */,
			);
			defaultConfigurationIsVisible = 0;
			defaultConfigurationName = Release;
		};
		ED9AF35E2631F2B700B0DE79 /* Build configuration list for PBXNativeTarget "DrawingUITests" */ = {
			isa = XCConfigurationList;
			buildConfigurations = (
				ED9AF35F2631F2B700B0DE79 /* Debug */,
				ED9AF3602631F2B700B0DE79 /* Release */,
			);
			defaultConfigurationIsVisible = 0;
			defaultConfigurationName = Release;
		};
/* End XCConfigurationList section */
	};
	rootObject = ED9AF32B2631F2B600B0DE79 /* Project object */;
}
